# THIS IS AN AUTOGENERATED FILE. DO NOT EDIT THIS FILE DIRECTLY.
# yarn lockfile v1


"multirepo-sub-b@https://github.com/kenkaijie/multirepo-sub-b.git#semver:^0.2.1":
  version "0.2.3-alpha"
  resolved "https://github.com/kenkaijie/multirepo-sub-b.git#cbf29cde20a1d6eef54d6e3b2bbd42beeecbd272"
